# This file was autogenerated by Stack.
# You should not edit this file by hand.
# For more information, please see the documentation at:
#   https://docs.haskellstack.org/en/stable/lock_files

packages:
- completed:
    hackage: postgresql-simple-0.7.0.0@sha256:94ec1f140bec01d92bdf236cad9b45fe3b5c90e35a2385f53de52d6e407f0f7a,4757
    pantry-tree:
      sha256: efdef751b392218f67175d23f477aeb2c121dbaecbe561841a07e8b85ebea746
      size: 4255
  original:
    hackage: postgresql-simple-0.7.0.0
- completed:
    hackage: commandert-0.1.1.1@sha256:ece7208942b949f75ec508911d9b1269f842647ed59dc84440bc2f12a3b34df6,1232
    pantry-tree:
      sha256: 8f84a22eb8c9ef984b259cb803dcf4012ca022ebe7cf1bf7fd9846f2ab5a6577
      size: 279
  original:
    hackage: commandert-0.1.1.1
- completed:
    hackage: commander-cli-0.11.0.0@sha256:5f6dd79a1b58c82e053227f513add7ce6a36d54361e5f282600c394895454fad,3158
    pantry-tree:
      sha256: 51e18da4190cdd08ecc33fa26cabd7f646a8f814140c4c6cbd1c01989929e6a2
      size: 643
  original:
    hackage: commander-cli-0.11.0.0
snapshots:
- completed:
    sha256: 2fdd7d3e54540062ef75ca0a73ca3a804c527dbf8a4cadafabf340e66ac4af40
    size: 712469
    url: https://raw.githubusercontent.com/commercialhaskell/stackage-snapshots/master/lts/22/11.yaml
  original:
    url: https://raw.githubusercontent.com/commercialhaskell/stackage-snapshots/master/lts/22/11.yaml
